
Microsoft Visual Studio Solution File, Format Version 12.00
# Visual Studio Version 17
VisualStudioVersion = 17.3.32929.385
MinimumVisualStudioVersion = 10.0.40219.1
Project("{9A19103F-16F7-4668-BE54-9A1E7A4F7556}") = "APIProject.Core", "APIProject.Core.csproj", "{290197CD-E3F2-44E4-AC1C-966226A15A2F}"
EndProject
Project("{9A19103F-16F7-4668-BE54-9A1E7A4F7556}") = "APIProject.Data", "..\APIProject.Data\APIProject.Data.csproj", "{564B0969-1630-47CF-B262-43C5E8324DC8}"
EndProject
Project("{FAE04EC0-301F-11D3-BF4B-00C04F79EFBC}") = "APIProject.Service", "..\APIProject.Service\APIProject.Service.csproj", "{12FAB968-C040-4CCE-BA9B-7474AD91C4D2}"
EndProject
Project("{FAE04EC0-301F-11D3-BF4B-00C04F79EFBC}") = "APIProject.API", "..\APIProject.API\APIProject.API.csproj", "{1EA5DC7C-69D4-40DC-8551-4175FB22D0C4}"
EndProject
Global
	GlobalSection(SolutionConfigurationPlatforms) = preSolution
		Debug|Any CPU = Debug|Any CPU
		Release|Any CPU = Release|Any CPU
	EndGlobalSection
	GlobalSection(ProjectConfigurationPlatforms) = postSolution
		{290197CD-E3F2-44E4-AC1C-966226A15A2F}.Debug|Any CPU.ActiveCfg = Debug|Any CPU
		{290197CD-E3F2-44E4-AC1C-966226A15A2F}.Debug|Any CPU.Build.0 = Debug|Any CPU
		{290197CD-E3F2-44E4-AC1C-966226A15A2F}.Release|Any CPU.ActiveCfg = Release|Any CPU
		{290197CD-E3F2-44E4-AC1C-966226A15A2F}.Release|Any CPU.Build.0 = Release|Any CPU
		{564B0969-1630-47CF-B262-43C5E8324DC8}.Debug|Any CPU.ActiveCfg = Debug|Any CPU
		{564B0969-1630-47CF-B262-43C5E8324DC8}.Debug|Any CPU.Build.0 = Debug|Any CPU
		{564B0969-1630-47CF-B262-43C5E8324DC8}.Release|Any CPU.ActiveCfg = Release|Any CPU
		{564B0969-1630-47CF-B262-43C5E8324DC8}.Release|Any CPU.Build.0 = Release|Any CPU
		{12FAB968-C040-4CCE-BA9B-7474AD91C4D2}.Debug|Any CPU.ActiveCfg = Debug|Any CPU
		{12FAB968-C040-4CCE-BA9B-7474AD91C4D2}.Debug|Any CPU.Build.0 = Debug|Any CPU
		{12FAB968-C040-4CCE-BA9B-7474AD91C4D2}.Release|Any CPU.ActiveCfg = Release|Any CPU
		{12FAB968-C040-4CCE-BA9B-7474AD91C4D2}.Release|Any CPU.Build.0 = Release|Any CPU
		{1EA5DC7C-69D4-40DC-8551-4175FB22D0C4}.Debug|Any CPU.ActiveCfg = Debug|Any CPU
		{1EA5DC7C-69D4-40DC-8551-4175FB22D0C4}.Debug|Any CPU.Build.0 = Debug|Any CPU
		{1EA5DC7C-69D4-40DC-8551-4175FB22D0C4}.Release|Any CPU.ActiveCfg = Release|Any CPU
		{1EA5DC7C-69D4-40DC-8551-4175FB22D0C4}.Release|Any CPU.Build.0 = Release|Any CPU
	EndGlobalSection
	GlobalSection(SolutionProperties) = preSolution
		HideSolutionNode = FALSE
	EndGlobalSection
	GlobalSection(ExtensibilityGlobals) = postSolution
		SolutionGuid = {24477EE8-48FF-4E43-ACB2-916FA2C443C9}
	EndGlobalSection
EndGlobal
